
Microsoft Visual Studio Solution File, Format Version 12.00
# Visual Studio Version 17
VisualStudioVersion = 17.7.34202.233
MinimumVisualStudioVersion = 10.0.40219.1
Project("{9A19103F-16F7-4668-BE54-9A1E7A4F7556}") = "Notes.API", "Notes.API\Notes.API.csproj", "{91BBEB12-CB3C-4406-A1B8-E97528194153}"
EndProject
Project("{9A19103F-16F7-4668-BE54-9A1E7A4F7556}") = "Notes.Domain", "Notes.Domain\Notes.Domain.csproj", "{CAC3C527-C072-4A5A-88F1-A9A3B465D33E}"
EndProject
Project("{9A19103F-16F7-4668-BE54-9A1E7A4F7556}") = "Notes.Commands", "Notes.Commands\Notes.Commands.csproj", "{E885AFE8-EF65-4E70-A481-48B0AD29C294}"
EndProject
Project("{9A19103F-16F7-4668-BE54-9A1E7A4F7556}") = "Notes.Queries", "Notes.Queries\Notes.Queries.csproj", "{E546A838-909E-4B08-A277-19B3F728D4EC}"
EndProject
Project("{9A19103F-16F7-4668-BE54-9A1E7A4F7556}") = "Notes.Infrastructure", "Notes.Infrastructure\Notes.Infrastructure.csproj", "{5E831563-0869-474B-A314-05D51D73C4D2}"
EndProject
Project("{2150E333-8FDC-42A3-9474-1A3956D46DE8}") = "SolutionItems", "SolutionItems", "{1D2933F6-3CAC-4E99-82F5-0A33E559285C}"
	ProjectSection(SolutionItems) = preProject
		development.jwt = development.jwt
		docker-compose.yml = docker-compose.yml
	EndProjectSection
EndProject
Project("{2150E333-8FDC-42A3-9474-1A3956D46DE8}") = "Tests", "Tests", "{C34127EC-1183-40E4-A948-041374C39CE4}"
EndProject
Project("{FAE04EC0-301F-11D3-BF4B-00C04F79EFBC}") = "Notes.UnitTests", "Notes.UnitTests\Notes.UnitTests.csproj", "{6B91CA78-BD9C-4E53-A042-E320333FA59D}"
EndProject
Project("{FAE04EC0-301F-11D3-BF4B-00C04F79EFBC}") = "Notes.IntegrationTests", "Notes.IntegrationTests\Notes.IntegrationTests.csproj", "{C0ABC82C-A58E-4AA4-95DD-B6D364FAA67E}"
EndProject
Global
	GlobalSection(SolutionConfigurationPlatforms) = preSolution
		Debug|Any CPU = Debug|Any CPU
		Release|Any CPU = Release|Any CPU
	EndGlobalSection
	GlobalSection(ProjectConfigurationPlatforms) = postSolution
		{91BBEB12-CB3C-4406-A1B8-E97528194153}.Debug|Any CPU.ActiveCfg = Debug|Any CPU
		{91BBEB12-CB3C-4406-A1B8-E97528194153}.Debug|Any CPU.Build.0 = Debug|Any CPU
		{91BBEB12-CB3C-4406-A1B8-E97528194153}.Release|Any CPU.ActiveCfg = Release|Any CPU
		{91BBEB12-CB3C-4406-A1B8-E97528194153}.Release|Any CPU.Build.0 = Release|Any CPU
		{CAC3C527-C072-4A5A-88F1-A9A3B465D33E}.Debug|Any CPU.ActiveCfg = Debug|Any CPU
		{CAC3C527-C072-4A5A-88F1-A9A3B465D33E}.Debug|Any CPU.Build.0 = Debug|Any CPU
		{CAC3C527-C072-4A5A-88F1-A9A3B465D33E}.Release|Any CPU.ActiveCfg = Release|Any CPU
		{CAC3C527-C072-4A5A-88F1-A9A3B465D33E}.Release|Any CPU.Build.0 = Release|Any CPU
		{E885AFE8-EF65-4E70-A481-48B0AD29C294}.Debug|Any CPU.ActiveCfg = Debug|Any CPU
		{E885AFE8-EF65-4E70-A481-48B0AD29C294}.Debug|Any CPU.Build.0 = Debug|Any CPU
		{E885AFE8-EF65-4E70-A481-48B0AD29C294}.Release|Any CPU.ActiveCfg = Release|Any CPU
		{E885AFE8-EF65-4E70-A481-48B0AD29C294}.Release|Any CPU.Build.0 = Release|Any CPU
		{E546A838-909E-4B08-A277-19B3F728D4EC}.Debug|Any CPU.ActiveCfg = Debug|Any CPU
		{E546A838-909E-4B08-A277-19B3F728D4EC}.Debug|Any CPU.Build.0 = Debug|Any CPU
		{E546A838-909E-4B08-A277-19B3F728D4EC}.Release|Any CPU.ActiveCfg = Release|Any CPU
		{E546A838-909E-4B08-A277-19B3F728D4EC}.Release|Any CPU.Build.0 = Release|Any CPU
		{5E831563-0869-474B-A314-05D51D73C4D2}.Debug|Any CPU.ActiveCfg = Debug|Any CPU
		{5E831563-0869-474B-A314-05D51D73C4D2}.Debug|Any CPU.Build.0 = Debug|Any CPU
		{5E831563-0869-474B-A314-05D51D73C4D2}.Release|Any CPU.ActiveCfg = Release|Any CPU
		{5E831563-0869-474B-A314-05D51D73C4D2}.Release|Any CPU.Build.0 = Release|Any CPU
		{6B91CA78-BD9C-4E53-A042-E320333FA59D}.Debug|Any CPU.ActiveCfg = Debug|Any CPU
		{6B91CA78-BD9C-4E53-A042-E320333FA59D}.Debug|Any CPU.Build.0 = Debug|Any CPU
		{6B91CA78-BD9C-4E53-A042-E320333FA59D}.Release|Any CPU.ActiveCfg = Release|Any CPU
		{6B91CA78-BD9C-4E53-A042-E320333FA59D}.Release|Any CPU.Build.0 = Release|Any CPU
		{C0ABC82C-A58E-4AA4-95DD-B6D364FAA67E}.Debug|Any CPU.ActiveCfg = Debug|Any CPU
		{C0ABC82C-A58E-4AA4-95DD-B6D364FAA67E}.Debug|Any CPU.Build.0 = Debug|Any CPU
		{C0ABC82C-A58E-4AA4-95DD-B6D364FAA67E}.Release|Any CPU.ActiveCfg = Release|Any CPU
		{C0ABC82C-A58E-4AA4-95DD-B6D364FAA67E}.Release|Any CPU.Build.0 = Release|Any CPU
	EndGlobalSection
	GlobalSection(SolutionProperties) = preSolution
		HideSolutionNode = FALSE
	EndGlobalSection
	GlobalSection(NestedProjects) = preSolution
		{6B91CA78-BD9C-4E53-A042-E320333FA59D} = {C34127EC-1183-40E4-A948-041374C39CE4}
		{C0ABC82C-A58E-4AA4-95DD-B6D364FAA67E} = {C34127EC-1183-40E4-A948-041374C39CE4}
	EndGlobalSection
	GlobalSection(ExtensibilityGlobals) = postSolution
		SolutionGuid = {F5E83F24-6AC0-4726-BAFA-4192EF0683B7}
	EndGlobalSection
EndGlobal
